
Microsoft Visual Studio Solution File, Format Version 12.00
# Visual Studio Version 17
VisualStudioVersion = 17.0.31903.59
MinimumVisualStudioVersion = 10.0.40219.1
Project("{2150E333-8FDC-42A3-9474-1A3956D46DE8}") = "WebApp", "WebApp", "{7E50A06F-A38B-7BE7-1137-409223B8AEF0}"
EndProject
Project("{FAE04EC0-301F-11D3-BF4B-00C04F79EFBC}") = "LowCodeApp.Server", "LowCodeApp.Server\LowCodeApp.Server.csproj", "{C73ABA0A-64C4-4239-A673-3808BE346894}"
EndProject
Project("{FAE04EC0-301F-11D3-BF4B-00C04F79EFBC}") = "LowCodeApp.Client", "LowCodeApp.Client\LowCodeApp.Client.csproj", "{EA0C9290-A990-424E-9D89-D6B4C65453BF}"
EndProject
Project("{FAE04EC0-301F-11D3-BF4B-00C04F79EFBC}") = "LowCodeApp.Client.Shared", "..\Common\LowCodeApp.Client.Shared\LowCodeApp.Client.Shared.csproj", "{BD2E184C-E7F2-41DA-A575-3040CD93139F}"
EndProject
Project("{2150E333-8FDC-42A3-9474-1A3956D46DE8}") = "Tools", "Tools", "{07C2787E-EAC7-C090-1BA3-A61EC2A24D84}"
EndProject
Project("{FAE04EC0-301F-11D3-BF4B-00C04F79EFBC}") = "LowCodeApp.LicenseRegisterCli", "..\Common\LowCodeApp.LicenseRegisterCli\LowCodeApp.LicenseRegisterCli.csproj", "{44321FFA-8566-4E4B-8111-22574482AE4F}"
EndProject
Project("{FAE04EC0-301F-11D3-BF4B-00C04F79EFBC}") = "LowCodeApp.Designer", "..\Common\LowCodeApp.Designer\LowCodeApp.Designer.csproj", "{59CC9464-D788-48A9-821F-8F144A63E041}"
EndProject
Global
	GlobalSection(SolutionConfigurationPlatforms) = preSolution
		Debug|Any CPU = Debug|Any CPU
		Debug|x64 = Debug|x64
		Debug|x86 = Debug|x86
		Release|Any CPU = Release|Any CPU
		Release|x64 = Release|x64
		Release|x86 = Release|x86
	EndGlobalSection
	GlobalSection(ProjectConfigurationPlatforms) = postSolution
		{C73ABA0A-64C4-4239-A673-3808BE346894}.Debug|Any CPU.ActiveCfg = Debug|Any CPU
		{C73ABA0A-64C4-4239-A673-3808BE346894}.Debug|Any CPU.Build.0 = Debug|Any CPU
		{C73ABA0A-64C4-4239-A673-3808BE346894}.Debug|x64.ActiveCfg = Debug|Any CPU
		{C73ABA0A-64C4-4239-A673-3808BE346894}.Debug|x64.Build.0 = Debug|Any CPU
		{C73ABA0A-64C4-4239-A673-3808BE346894}.Debug|x86.ActiveCfg = Debug|Any CPU
		{C73ABA0A-64C4-4239-A673-3808BE346894}.Debug|x86.Build.0 = Debug|Any CPU
		{C73ABA0A-64C4-4239-A673-3808BE346894}.Release|Any CPU.ActiveCfg = Release|Any CPU
		{C73ABA0A-64C4-4239-A673-3808BE346894}.Release|Any CPU.Build.0 = Release|Any CPU
		{C73ABA0A-64C4-4239-A673-3808BE346894}.Release|x64.ActiveCfg = Release|Any CPU
		{C73ABA0A-64C4-4239-A673-3808BE346894}.Release|x64.Build.0 = Release|Any CPU
		{C73ABA0A-64C4-4239-A673-3808BE346894}.Release|x86.ActiveCfg = Release|Any CPU
		{C73ABA0A-64C4-4239-A673-3808BE346894}.Release|x86.Build.0 = Release|Any CPU
		{EA0C9290-A990-424E-9D89-D6B4C65453BF}.Debug|Any CPU.ActiveCfg = Debug|Any CPU
		{EA0C9290-A990-424E-9D89-D6B4C65453BF}.Debug|Any CPU.Build.0 = Debug|Any CPU
		{EA0C9290-A990-424E-9D89-D6B4C65453BF}.Debug|x64.ActiveCfg = Debug|Any CPU
		{EA0C9290-A990-424E-9D89-D6B4C65453BF}.Debug|x64.Build.0 = Debug|Any CPU
		{EA0C9290-A990-424E-9D89-D6B4C65453BF}.Debug|x86.ActiveCfg = Debug|Any CPU
		{EA0C9290-A990-424E-9D89-D6B4C65453BF}.Debug|x86.Build.0 = Debug|Any CPU
		{EA0C9290-A990-424E-9D89-D6B4C65453BF}.Release|Any CPU.ActiveCfg = Release|Any CPU
		{EA0C9290-A990-424E-9D89-D6B4C65453BF}.Release|Any CPU.Build.0 = Release|Any CPU
		{EA0C9290-A990-424E-9D89-D6B4C65453BF}.Release|x64.ActiveCfg = Release|Any CPU
		{EA0C9290-A990-424E-9D89-D6B4C65453BF}.Release|x64.Build.0 = Release|Any CPU
		{EA0C9290-A990-424E-9D89-D6B4C65453BF}.Release|x86.ActiveCfg = Release|Any CPU
		{EA0C9290-A990-424E-9D89-D6B4C65453BF}.Release|x86.Build.0 = Release|Any CPU
		{BD2E184C-E7F2-41DA-A575-3040CD93139F}.Debug|Any CPU.ActiveCfg = Debug|Any CPU
		{BD2E184C-E7F2-41DA-A575-3040CD93139F}.Debug|Any CPU.Build.0 = Debug|Any CPU
		{BD2E184C-E7F2-41DA-A575-3040CD93139F}.Debug|x64.ActiveCfg = Debug|Any CPU
		{BD2E184C-E7F2-41DA-A575-3040CD93139F}.Debug|x64.Build.0 = Debug|Any CPU
		{BD2E184C-E7F2-41DA-A575-3040CD93139F}.Debug|x86.ActiveCfg = Debug|Any CPU
		{BD2E184C-E7F2-41DA-A575-3040CD93139F}.Debug|x86.Build.0 = Debug|Any CPU
		{BD2E184C-E7F2-41DA-A575-3040CD93139F}.Release|Any CPU.ActiveCfg = Release|Any CPU
		{BD2E184C-E7F2-41DA-A575-3040CD93139F}.Release|Any CPU.Build.0 = Release|Any CPU
		{BD2E184C-E7F2-41DA-A575-3040CD93139F}.Release|x64.ActiveCfg = Release|Any CPU
		{BD2E184C-E7F2-41DA-A575-3040CD93139F}.Release|x64.Build.0 = Release|Any CPU
		{BD2E184C-E7F2-41DA-A575-3040CD93139F}.Release|x86.ActiveCfg = Release|Any CPU
		{BD2E184C-E7F2-41DA-A575-3040CD93139F}.Release|x86.Build.0 = Release|Any CPU
		{44321FFA-8566-4E4B-8111-22574482AE4F}.Debug|Any CPU.ActiveCfg = Debug|Any CPU
		{44321FFA-8566-4E4B-8111-22574482AE4F}.Debug|Any CPU.Build.0 = Debug|Any CPU
		{44321FFA-8566-4E4B-8111-22574482AE4F}.Debug|x64.ActiveCfg = Debug|Any CPU
		{44321FFA-8566-4E4B-8111-22574482AE4F}.Debug|x64.Build.0 = Debug|Any CPU
		{44321FFA-8566-4E4B-8111-22574482AE4F}.Debug|x86.ActiveCfg = Debug|Any CPU
		{44321FFA-8566-4E4B-8111-22574482AE4F}.Debug|x86.Build.0 = Debug|Any CPU
		{44321FFA-8566-4E4B-8111-22574482AE4F}.Release|Any CPU.ActiveCfg = Release|Any CPU
		{44321FFA-8566-4E4B-8111-22574482AE4F}.Release|Any CPU.Build.0 = Release|Any CPU
		{44321FFA-8566-4E4B-8111-22574482AE4F}.Release|x64.ActiveCfg = Release|Any CPU
		{44321FFA-8566-4E4B-8111-22574482AE4F}.Release|x64.Build.0 = Release|Any CPU
		{44321FFA-8566-4E4B-8111-22574482AE4F}.Release|x86.ActiveCfg = Release|Any CPU
		{44321FFA-8566-4E4B-8111-22574482AE4F}.Release|x86.Build.0 = Release|Any CPU
		{59CC9464-D788-48A9-821F-8F144A63E041}.Debug|Any CPU.ActiveCfg = Debug|Any CPU
		{59CC9464-D788-48A9-821F-8F144A63E041}.Debug|Any CPU.Build.0 = Debug|Any CPU
		{59CC9464-D788-48A9-821F-8F144A63E041}.Debug|x64.ActiveCfg = Debug|Any CPU
		{59CC9464-D788-48A9-821F-8F144A63E041}.Debug|x64.Build.0 = Debug|Any CPU
		{59CC9464-D788-48A9-821F-8F144A63E041}.Debug|x86.ActiveCfg = Debug|Any CPU
		{59CC9464-D788-48A9-821F-8F144A63E041}.Debug|x86.Build.0 = Debug|Any CPU
		{59CC9464-D788-48A9-821F-8F144A63E041}.Release|Any CPU.ActiveCfg = Release|Any CPU
		{59CC9464-D788-48A9-821F-8F144A63E041}.Release|Any CPU.Build.0 = Release|Any CPU
		{59CC9464-D788-48A9-821F-8F144A63E041}.Release|x64.ActiveCfg = Release|Any CPU
		{59CC9464-D788-48A9-821F-8F144A63E041}.Release|x64.Build.0 = Release|Any CPU
		{59CC9464-D788-48A9-821F-8F144A63E041}.Release|x86.ActiveCfg = Release|Any CPU
		{59CC9464-D788-48A9-821F-8F144A63E041}.Release|x86.Build.0 = Release|Any CPU
	EndGlobalSection
	GlobalSection(SolutionProperties) = preSolution
		HideSolutionNode = FALSE
	EndGlobalSection
	GlobalSection(NestedProjects) = preSolution
		{C73ABA0A-64C4-4239-A673-3808BE346894} = {7E50A06F-A38B-7BE7-1137-409223B8AEF0}
		{EA0C9290-A990-424E-9D89-D6B4C65453BF} = {7E50A06F-A38B-7BE7-1137-409223B8AEF0}
		{BD2E184C-E7F2-41DA-A575-3040CD93139F} = {7E50A06F-A38B-7BE7-1137-409223B8AEF0}
		{44321FFA-8566-4E4B-8111-22574482AE4F} = {07C2787E-EAC7-C090-1BA3-A61EC2A24D84}
		{59CC9464-D788-48A9-821F-8F144A63E041} = {07C2787E-EAC7-C090-1BA3-A61EC2A24D84}
	EndGlobalSection
EndGlobal
