
Microsoft Visual Studio Solution File, Format Version 12.00
# Visual Studio Version 17
VisualStudioVersion = 17.0.31903.59
MinimumVisualStudioVersion = 10.0.40219.1
Project("{2150E333-8FDC-42A3-9474-1A3956D46DE8}") = "DesktopApp", "DesktopApp", "{768ACC8F-1FE4-F5E3-9185-C1303E4F5C8E}"
EndProject
Project("{FAE04EC0-301F-11D3-BF4B-00C04F79EFBC}") = "LowCodeApp.WinForms", "LowCodeApp.WinForms\LowCodeApp.WinForms.csproj", "{0710B149-7DE9-A401-83B6-79E8AB20DDD5}"
EndProject
Project("{FAE04EC0-301F-11D3-BF4B-00C04F79EFBC}") = "LowCodeApp.Client.Shared", "..\Common\LowCodeApp.Client.Shared\LowCodeApp.Client.Shared.csproj", "{39C316CF-A1AB-FC90-A567-582D223BC4AF}"
EndProject
Project("{2150E333-8FDC-42A3-9474-1A3956D46DE8}") = "Tools", "Tools", "{07C2787E-EAC7-C090-1BA3-A61EC2A24D84}"
EndProject
Project("{FAE04EC0-301F-11D3-BF4B-00C04F79EFBC}") = "LowCodeApp.LicenseRegister", "..\Common\LowCodeApp.LicenseRegister\LowCodeApp.LicenseRegister.csproj", "{B61ECF0F-5F7A-B522-712C-BB8A5B62BEBB}"
EndProject
Project("{FAE04EC0-301F-11D3-BF4B-00C04F79EFBC}") = "LowCodeApp.Designer", "..\Common\LowCodeApp.Designer\LowCodeApp.Designer.csproj", "{228A2140-65C7-1CD5-3846-A8EA43DDD0EE}"
EndProject
Global
	GlobalSection(SolutionConfigurationPlatforms) = preSolution
		Debug|Any CPU = Debug|Any CPU
		Debug|x64 = Debug|x64
		Debug|x86 = Debug|x86
		Release|Any CPU = Release|Any CPU
		Release|x64 = Release|x64
		Release|x86 = Release|x86
	EndGlobalSection
	GlobalSection(ProjectConfigurationPlatforms) = postSolution
		{0710B149-7DE9-A401-83B6-79E8AB20DDD5}.Debug|Any CPU.ActiveCfg = Debug|Any CPU
		{0710B149-7DE9-A401-83B6-79E8AB20DDD5}.Debug|Any CPU.Build.0 = Debug|Any CPU
		{0710B149-7DE9-A401-83B6-79E8AB20DDD5}.Debug|x64.ActiveCfg = Debug|Any CPU
		{0710B149-7DE9-A401-83B6-79E8AB20DDD5}.Debug|x64.Build.0 = Debug|Any CPU
		{0710B149-7DE9-A401-83B6-79E8AB20DDD5}.Debug|x86.ActiveCfg = Debug|Any CPU
		{0710B149-7DE9-A401-83B6-79E8AB20DDD5}.Debug|x86.Build.0 = Debug|Any CPU
		{0710B149-7DE9-A401-83B6-79E8AB20DDD5}.Release|Any CPU.ActiveCfg = Release|Any CPU
		{0710B149-7DE9-A401-83B6-79E8AB20DDD5}.Release|Any CPU.Build.0 = Release|Any CPU
		{0710B149-7DE9-A401-83B6-79E8AB20DDD5}.Release|x64.ActiveCfg = Release|Any CPU
		{0710B149-7DE9-A401-83B6-79E8AB20DDD5}.Release|x64.Build.0 = Release|Any CPU
		{0710B149-7DE9-A401-83B6-79E8AB20DDD5}.Release|x86.ActiveCfg = Release|Any CPU
		{0710B149-7DE9-A401-83B6-79E8AB20DDD5}.Release|x86.Build.0 = Release|Any CPU
		{39C316CF-A1AB-FC90-A567-582D223BC4AF}.Debug|Any CPU.ActiveCfg = Debug|Any CPU
		{39C316CF-A1AB-FC90-A567-582D223BC4AF}.Debug|Any CPU.Build.0 = Debug|Any CPU
		{39C316CF-A1AB-FC90-A567-582D223BC4AF}.Debug|x64.ActiveCfg = Debug|Any CPU
		{39C316CF-A1AB-FC90-A567-582D223BC4AF}.Debug|x64.Build.0 = Debug|Any CPU
		{39C316CF-A1AB-FC90-A567-582D223BC4AF}.Debug|x86.ActiveCfg = Debug|Any CPU
		{39C316CF-A1AB-FC90-A567-582D223BC4AF}.Debug|x86.Build.0 = Debug|Any CPU
		{39C316CF-A1AB-FC90-A567-582D223BC4AF}.Release|Any CPU.ActiveCfg = Release|Any CPU
		{39C316CF-A1AB-FC90-A567-582D223BC4AF}.Release|Any CPU.Build.0 = Release|Any CPU
		{39C316CF-A1AB-FC90-A567-582D223BC4AF}.Release|x64.ActiveCfg = Release|Any CPU
		{39C316CF-A1AB-FC90-A567-582D223BC4AF}.Release|x64.Build.0 = Release|Any CPU
		{39C316CF-A1AB-FC90-A567-582D223BC4AF}.Release|x86.ActiveCfg = Release|Any CPU
		{39C316CF-A1AB-FC90-A567-582D223BC4AF}.Release|x86.Build.0 = Release|Any CPU
		{B61ECF0F-5F7A-B522-712C-BB8A5B62BEBB}.Debug|Any CPU.ActiveCfg = Debug|Any CPU
		{B61ECF0F-5F7A-B522-712C-BB8A5B62BEBB}.Debug|Any CPU.Build.0 = Debug|Any CPU
		{B61ECF0F-5F7A-B522-712C-BB8A5B62BEBB}.Debug|x64.ActiveCfg = Debug|Any CPU
		{B61ECF0F-5F7A-B522-712C-BB8A5B62BEBB}.Debug|x64.Build.0 = Debug|Any CPU
		{B61ECF0F-5F7A-B522-712C-BB8A5B62BEBB}.Debug|x86.ActiveCfg = Debug|Any CPU
		{B61ECF0F-5F7A-B522-712C-BB8A5B62BEBB}.Debug|x86.Build.0 = Debug|Any CPU
		{B61ECF0F-5F7A-B522-712C-BB8A5B62BEBB}.Release|Any CPU.ActiveCfg = Release|Any CPU
		{B61ECF0F-5F7A-B522-712C-BB8A5B62BEBB}.Release|Any CPU.Build.0 = Release|Any CPU
		{B61ECF0F-5F7A-B522-712C-BB8A5B62BEBB}.Release|x64.ActiveCfg = Release|Any CPU
		{B61ECF0F-5F7A-B522-712C-BB8A5B62BEBB}.Release|x64.Build.0 = Release|Any CPU
		{B61ECF0F-5F7A-B522-712C-BB8A5B62BEBB}.Release|x86.ActiveCfg = Release|Any CPU
		{B61ECF0F-5F7A-B522-712C-BB8A5B62BEBB}.Release|x86.Build.0 = Release|Any CPU
		{228A2140-65C7-1CD5-3846-A8EA43DDD0EE}.Debug|Any CPU.ActiveCfg = Debug|Any CPU
		{228A2140-65C7-1CD5-3846-A8EA43DDD0EE}.Debug|Any CPU.Build.0 = Debug|Any CPU
		{228A2140-65C7-1CD5-3846-A8EA43DDD0EE}.Debug|x64.ActiveCfg = Debug|Any CPU
		{228A2140-65C7-1CD5-3846-A8EA43DDD0EE}.Debug|x64.Build.0 = Debug|Any CPU
		{228A2140-65C7-1CD5-3846-A8EA43DDD0EE}.Debug|x86.ActiveCfg = Debug|Any CPU
		{228A2140-65C7-1CD5-3846-A8EA43DDD0EE}.Debug|x86.Build.0 = Debug|Any CPU
		{228A2140-65C7-1CD5-3846-A8EA43DDD0EE}.Release|Any CPU.ActiveCfg = Release|Any CPU
		{228A2140-65C7-1CD5-3846-A8EA43DDD0EE}.Release|Any CPU.Build.0 = Release|Any CPU
		{228A2140-65C7-1CD5-3846-A8EA43DDD0EE}.Release|x64.ActiveCfg = Release|Any CPU
		{228A2140-65C7-1CD5-3846-A8EA43DDD0EE}.Release|x64.Build.0 = Release|Any CPU
		{228A2140-65C7-1CD5-3846-A8EA43DDD0EE}.Release|x86.ActiveCfg = Release|Any CPU
		{228A2140-65C7-1CD5-3846-A8EA43DDD0EE}.Release|x86.Build.0 = Release|Any CPU
	EndGlobalSection
	GlobalSection(SolutionProperties) = preSolution
		HideSolutionNode = FALSE
	EndGlobalSection
	GlobalSection(NestedProjects) = preSolution
		{0710B149-7DE9-A401-83B6-79E8AB20DDD5} = {768ACC8F-1FE4-F5E3-9185-C1303E4F5C8E}
		{39C316CF-A1AB-FC90-A567-582D223BC4AF} = {768ACC8F-1FE4-F5E3-9185-C1303E4F5C8E}
		{B61ECF0F-5F7A-B522-712C-BB8A5B62BEBB} = {07C2787E-EAC7-C090-1BA3-A61EC2A24D84}
		{228A2140-65C7-1CD5-3846-A8EA43DDD0EE} = {07C2787E-EAC7-C090-1BA3-A61EC2A24D84}
	EndGlobalSection
EndGlobal
