
Microsoft Visual Studio Solution File, Format Version 12.00
# Visual Studio Version 17
VisualStudioVersion = 17.0.31903.59
MinimumVisualStudioVersion = 10.0.40219.1
Project("{2150E333-8FDC-42A3-9474-1A3956D46DE8}") = "MobileApp", "MobileApp", "{0FFEEB6A-E627-9A6A-8363-9175E7389C0B}"
EndProject
Project("{FAE04EC0-301F-11D3-BF4B-00C04F79EFBC}") = "LowCodeApp.Maui", "LowCodeApp.Maui\LowCodeApp.Maui.csproj", "{D000403A-3EE7-26EE-6894-EC1C3399D43D}"
EndProject
Project("{FAE04EC0-301F-11D3-BF4B-00C04F79EFBC}") = "LowCodeApp.Client.Shared", "..\Common\LowCodeApp.Client.Shared\LowCodeApp.Client.Shared.csproj", "{39C316CF-A1AB-FC90-A567-582D223BC4AF}"
EndProject
Global
	GlobalSection(SolutionConfigurationPlatforms) = preSolution
		Debug|Any CPU = Debug|Any CPU
		Debug|x64 = Debug|x64
		Debug|x86 = Debug|x86
		Release|Any CPU = Release|Any CPU
		Release|x64 = Release|x64
		Release|x86 = Release|x86
	EndGlobalSection
	GlobalSection(ProjectConfigurationPlatforms) = postSolution
		{D000403A-3EE7-26EE-6894-EC1C3399D43D}.Debug|Any CPU.ActiveCfg = Debug|Any CPU
		{D000403A-3EE7-26EE-6894-EC1C3399D43D}.Debug|Any CPU.Build.0 = Debug|Any CPU
		{D000403A-3EE7-26EE-6894-EC1C3399D43D}.Debug|Any CPU.Deploy.0 = Debug|Any CPU
		{D000403A-3EE7-26EE-6894-EC1C3399D43D}.Debug|x64.ActiveCfg = Debug|Any CPU
		{D000403A-3EE7-26EE-6894-EC1C3399D43D}.Debug|x64.Build.0 = Debug|Any CPU
		{D000403A-3EE7-26EE-6894-EC1C3399D43D}.Debug|x64.Deploy.0 = Debug|Any CPU
		{D000403A-3EE7-26EE-6894-EC1C3399D43D}.Debug|x86.ActiveCfg = Debug|Any CPU
		{D000403A-3EE7-26EE-6894-EC1C3399D43D}.Debug|x86.Build.0 = Debug|Any CPU
		{D000403A-3EE7-26EE-6894-EC1C3399D43D}.Debug|x86.Deploy.0 = Debug|Any CPU
		{D000403A-3EE7-26EE-6894-EC1C3399D43D}.Release|Any CPU.ActiveCfg = Release|Any CPU
		{D000403A-3EE7-26EE-6894-EC1C3399D43D}.Release|Any CPU.Build.0 = Release|Any CPU
		{D000403A-3EE7-26EE-6894-EC1C3399D43D}.Release|Any CPU.Deploy.0 = Release|Any CPU
		{D000403A-3EE7-26EE-6894-EC1C3399D43D}.Release|x64.ActiveCfg = Release|Any CPU
		{D000403A-3EE7-26EE-6894-EC1C3399D43D}.Release|x64.Build.0 = Release|Any CPU
		{D000403A-3EE7-26EE-6894-EC1C3399D43D}.Release|x64.Deploy.0 = Release|Any CPU
		{D000403A-3EE7-26EE-6894-EC1C3399D43D}.Release|x86.ActiveCfg = Release|Any CPU
		{D000403A-3EE7-26EE-6894-EC1C3399D43D}.Release|x86.Build.0 = Release|Any CPU
		{D000403A-3EE7-26EE-6894-EC1C3399D43D}.Release|x86.Deploy.0 = Release|Any CPU
		{39C316CF-A1AB-FC90-A567-582D223BC4AF}.Debug|Any CPU.ActiveCfg = Debug|Any CPU
		{39C316CF-A1AB-FC90-A567-582D223BC4AF}.Debug|Any CPU.Build.0 = Debug|Any CPU
		{39C316CF-A1AB-FC90-A567-582D223BC4AF}.Debug|x64.ActiveCfg = Debug|Any CPU
		{39C316CF-A1AB-FC90-A567-582D223BC4AF}.Debug|x64.Build.0 = Debug|Any CPU
		{39C316CF-A1AB-FC90-A567-582D223BC4AF}.Debug|x86.ActiveCfg = Debug|Any CPU
		{39C316CF-A1AB-FC90-A567-582D223BC4AF}.Debug|x86.Build.0 = Debug|Any CPU
		{39C316CF-A1AB-FC90-A567-582D223BC4AF}.Release|Any CPU.ActiveCfg = Release|Any CPU
		{39C316CF-A1AB-FC90-A567-582D223BC4AF}.Release|Any CPU.Build.0 = Release|Any CPU
		{39C316CF-A1AB-FC90-A567-582D223BC4AF}.Release|x64.ActiveCfg = Release|Any CPU
		{39C316CF-A1AB-FC90-A567-582D223BC4AF}.Release|x64.Build.0 = Release|Any CPU
		{39C316CF-A1AB-FC90-A567-582D223BC4AF}.Release|x86.ActiveCfg = Release|Any CPU
		{39C316CF-A1AB-FC90-A567-582D223BC4AF}.Release|x86.Build.0 = Release|Any CPU
	EndGlobalSection
	GlobalSection(SolutionProperties) = preSolution
		HideSolutionNode = FALSE
	EndGlobalSection
	GlobalSection(NestedProjects) = preSolution
		{D000403A-3EE7-26EE-6894-EC1C3399D43D} = {0FFEEB6A-E627-9A6A-8363-9175E7389C0B}
		{39C316CF-A1AB-FC90-A567-582D223BC4AF} = {0FFEEB6A-E627-9A6A-8363-9175E7389C0B}
	EndGlobalSection
EndGlobal
