
Microsoft Visual Studio Solution File, Format Version 12.00
# Visual Studio Version 17
VisualStudioVersion = 17.0.31903.59
MinimumVisualStudioVersion = 10.0.40219.1
Project("{2150E333-8FDC-42A3-9474-1A3956D46DE8}") = "Hosts", "Hosts", "{2F3EF1A3-B2B0-B28C-122D-FFB85167A4CE}"
EndProject
Project("{2150E333-8FDC-42A3-9474-1A3956D46DE8}") = "Normal", "Normal", "{5B339CA0-82B5-760D-11FA-D2405B0F309C}"
EndProject
Project("{FAE04EC0-301F-11D3-BF4B-00C04F79EFBC}") = "LowCodeApp.Server", "Hosts\Normal\LowCodeApp.Server\LowCodeApp.Server.csproj", "{0C8611BF-59EB-6C8B-0775-32F216AEBD88}"
EndProject
Project("{FAE04EC0-301F-11D3-BF4B-00C04F79EFBC}") = "LowCodeApp.Client", "Hosts\Normal\LowCodeApp.Client\LowCodeApp.Client.csproj", "{2E7D0AF2-3E2D-5684-9E11-714F1F19D818}"
EndProject
Project("{FAE04EC0-301F-11D3-BF4B-00C04F79EFBC}") = "LowCodeApp.Client.Shared", "Hosts\Common\LowCodeApp.Client.Shared\LowCodeApp.Client.Shared.csproj", "{302AC0FB-E7F8-1FE2-DE9A-E0603346D8AA}"
EndProject
Project("{2150E333-8FDC-42A3-9474-1A3956D46DE8}") = "Common", "Common", "{222E81F7-E36A-DBDC-9181-94168766AFA6}"
EndProject
Project("{FAE04EC0-301F-11D3-BF4B-00C04F79EFBC}") = "LowCodeApp.LicenseRegisterCli", "Hosts\Common\LowCodeApp.LicenseRegisterCli\LowCodeApp.LicenseRegisterCli.csproj", "{65B41D43-DBB8-5FF0-4750-A954EE908397}"
EndProject
Project("{FAE04EC0-301F-11D3-BF4B-00C04F79EFBC}") = "LowCodeApp.Designer", "Hosts\Common\LowCodeApp.Designer\LowCodeApp.Designer.csproj", "{85A725BB-EDD2-208E-2281-AA1A96770074}"
EndProject
Project("{FAE04EC0-301F-11D3-BF4B-00C04F79EFBC}") = "LowCodeApp.SeleniumTest", "Hosts\Common\LowCodeApp.SeleniumTest\LowCodeApp.SeleniumTest.csproj", "{90E7854A-8DF4-AD7B-F6E4-8C59C072E52E}"
EndProject
Project("{FAE04EC0-301F-11D3-BF4B-00C04F79EFBC}") = "LowCodeApp.LicenseRegister", "Hosts\Common\LowCodeApp.LicenseRegister\LowCodeApp.LicenseRegister.csproj", "{77C143D8-531D-0865-39D2-41570C266570}"
EndProject
Project("{2150E333-8FDC-42A3-9474-1A3956D46DE8}") = "Cookie", "Cookie", "{E9A6AA76-D1E4-5169-3E31-CD6096438979}"
EndProject
Project("{FAE04EC0-301F-11D3-BF4B-00C04F79EFBC}") = "LowCodeApp.Server", "Hosts\Cookie\LowCodeApp.Server\LowCodeApp.Server.csproj", "{026D9791-0F66-8BD7-6B7D-FAF2B06594A4}"
EndProject
Project("{FAE04EC0-301F-11D3-BF4B-00C04F79EFBC}") = "LowCodeApp.Client", "Hosts\Cookie\LowCodeApp.Client\LowCodeApp.Client.csproj", "{3E061CAB-B977-2226-219B-2E7F60A05508}"
EndProject
Project("{2150E333-8FDC-42A3-9474-1A3956D46DE8}") = "Maui", "Maui", "{96276D7C-8090-C3EF-75E9-524E49E50BD5}"
EndProject
Project("{FAE04EC0-301F-11D3-BF4B-00C04F79EFBC}") = "LowCodeApp.Maui", "Hosts\Maui\LowCodeApp.Maui\LowCodeApp.Maui.csproj", "{31F70DF4-29E6-6FDD-D950-E4E6BB381BDC}"
EndProject
Project("{2150E333-8FDC-42A3-9474-1A3956D46DE8}") = "Wpf", "Wpf", "{D80C18D3-606A-CD05-DE68-C0BA1B98B27D}"
EndProject
Project("{FAE04EC0-301F-11D3-BF4B-00C04F79EFBC}") = "LowCodeApp.Wpf", "Hosts\Wpf\LowCodeApp.Wpf\LowCodeApp.Wpf.csproj", "{592BB2BA-0851-229C-2797-38EFBBAC23C0}"
EndProject
Project("{2150E333-8FDC-42A3-9474-1A3956D46DE8}") = "WinForms", "WinForms", "{29CCAA67-8251-E769-E695-858322CAA670}"
EndProject
Project("{FAE04EC0-301F-11D3-BF4B-00C04F79EFBC}") = "LowCodeApp.WinForms", "Hosts\WinForms\LowCodeApp.WinForms\LowCodeApp.WinForms.csproj", "{D599F4E9-94B6-A487-B56C-6B76EB5047AE}"
EndProject
Project("{2150E333-8FDC-42A3-9474-1A3956D46DE8}") = "MultiTenant", "MultiTenant", "{EE18CF2C-56B4-90F6-03B5-E6170AD0E9AF}"
EndProject
Project("{FAE04EC0-301F-11D3-BF4B-00C04F79EFBC}") = "LowCodeApp.Server", "Hosts\MultiTenant\LowCodeApp.Server\LowCodeApp.Server.csproj", "{A105F45A-2BC6-D654-37BA-C5E61F5BD997}"
EndProject
Project("{FAE04EC0-301F-11D3-BF4B-00C04F79EFBC}") = "LowCodeApp.Client", "Hosts\MultiTenant\LowCodeApp.Client\LowCodeApp.Client.csproj", "{4F6F75F7-B289-2EFC-114E-6D45BBAA32B9}"
EndProject
Project("{2150E333-8FDC-42A3-9474-1A3956D46DE8}") = "Tools", "Tools", "{07C2787E-EAC7-C090-1BA3-A61EC2A24D84}"
EndProject
Project("{FAE04EC0-301F-11D3-BF4B-00C04F79EFBC}") = "StarterTool", "Tools\StarterTool\StarterTool.csproj", "{352838D4-E542-3408-D9CE-B8FCA4EE57BA}"
EndProject
Project("{FAE04EC0-301F-11D3-BF4B-00C04F79EFBC}") = "Codeer.LowCode.Blazor.Templates", "Tools\Codeer.LowCode.Blazor.Templates\Codeer.LowCode.Blazor.Templates.csproj", "{6E0620FA-74AD-4A39-B51B-7EDBCEF5427E}"
EndProject
Global
	GlobalSection(SolutionConfigurationPlatforms) = preSolution
		Debug|Any CPU = Debug|Any CPU
		Debug|x64 = Debug|x64
		Debug|x86 = Debug|x86
		Release|Any CPU = Release|Any CPU
		Release|x64 = Release|x64
		Release|x86 = Release|x86
	EndGlobalSection
	GlobalSection(ProjectConfigurationPlatforms) = postSolution
		{0C8611BF-59EB-6C8B-0775-32F216AEBD88}.Debug|Any CPU.ActiveCfg = Debug|Any CPU
		{0C8611BF-59EB-6C8B-0775-32F216AEBD88}.Debug|Any CPU.Build.0 = Debug|Any CPU
		{0C8611BF-59EB-6C8B-0775-32F216AEBD88}.Debug|x64.ActiveCfg = Debug|Any CPU
		{0C8611BF-59EB-6C8B-0775-32F216AEBD88}.Debug|x64.Build.0 = Debug|Any CPU
		{0C8611BF-59EB-6C8B-0775-32F216AEBD88}.Debug|x86.ActiveCfg = Debug|Any CPU
		{0C8611BF-59EB-6C8B-0775-32F216AEBD88}.Debug|x86.Build.0 = Debug|Any CPU
		{0C8611BF-59EB-6C8B-0775-32F216AEBD88}.Release|Any CPU.ActiveCfg = Release|Any CPU
		{0C8611BF-59EB-6C8B-0775-32F216AEBD88}.Release|Any CPU.Build.0 = Release|Any CPU
		{0C8611BF-59EB-6C8B-0775-32F216AEBD88}.Release|x64.ActiveCfg = Release|Any CPU
		{0C8611BF-59EB-6C8B-0775-32F216AEBD88}.Release|x64.Build.0 = Release|Any CPU
		{0C8611BF-59EB-6C8B-0775-32F216AEBD88}.Release|x86.ActiveCfg = Release|Any CPU
		{0C8611BF-59EB-6C8B-0775-32F216AEBD88}.Release|x86.Build.0 = Release|Any CPU
		{2E7D0AF2-3E2D-5684-9E11-714F1F19D818}.Debug|Any CPU.ActiveCfg = Debug|Any CPU
		{2E7D0AF2-3E2D-5684-9E11-714F1F19D818}.Debug|Any CPU.Build.0 = Debug|Any CPU
		{2E7D0AF2-3E2D-5684-9E11-714F1F19D818}.Debug|x64.ActiveCfg = Debug|Any CPU
		{2E7D0AF2-3E2D-5684-9E11-714F1F19D818}.Debug|x64.Build.0 = Debug|Any CPU
		{2E7D0AF2-3E2D-5684-9E11-714F1F19D818}.Debug|x86.ActiveCfg = Debug|Any CPU
		{2E7D0AF2-3E2D-5684-9E11-714F1F19D818}.Debug|x86.Build.0 = Debug|Any CPU
		{2E7D0AF2-3E2D-5684-9E11-714F1F19D818}.Release|Any CPU.ActiveCfg = Release|Any CPU
		{2E7D0AF2-3E2D-5684-9E11-714F1F19D818}.Release|Any CPU.Build.0 = Release|Any CPU
		{2E7D0AF2-3E2D-5684-9E11-714F1F19D818}.Release|x64.ActiveCfg = Release|Any CPU
		{2E7D0AF2-3E2D-5684-9E11-714F1F19D818}.Release|x64.Build.0 = Release|Any CPU
		{2E7D0AF2-3E2D-5684-9E11-714F1F19D818}.Release|x86.ActiveCfg = Release|Any CPU
		{2E7D0AF2-3E2D-5684-9E11-714F1F19D818}.Release|x86.Build.0 = Release|Any CPU
		{302AC0FB-E7F8-1FE2-DE9A-E0603346D8AA}.Debug|Any CPU.ActiveCfg = Debug|Any CPU
		{302AC0FB-E7F8-1FE2-DE9A-E0603346D8AA}.Debug|Any CPU.Build.0 = Debug|Any CPU
		{302AC0FB-E7F8-1FE2-DE9A-E0603346D8AA}.Debug|x64.ActiveCfg = Debug|Any CPU
		{302AC0FB-E7F8-1FE2-DE9A-E0603346D8AA}.Debug|x64.Build.0 = Debug|Any CPU
		{302AC0FB-E7F8-1FE2-DE9A-E0603346D8AA}.Debug|x86.ActiveCfg = Debug|Any CPU
		{302AC0FB-E7F8-1FE2-DE9A-E0603346D8AA}.Debug|x86.Build.0 = Debug|Any CPU
		{302AC0FB-E7F8-1FE2-DE9A-E0603346D8AA}.Release|Any CPU.ActiveCfg = Release|Any CPU
		{302AC0FB-E7F8-1FE2-DE9A-E0603346D8AA}.Release|Any CPU.Build.0 = Release|Any CPU
		{302AC0FB-E7F8-1FE2-DE9A-E0603346D8AA}.Release|x64.ActiveCfg = Release|Any CPU
		{302AC0FB-E7F8-1FE2-DE9A-E0603346D8AA}.Release|x64.Build.0 = Release|Any CPU
		{302AC0FB-E7F8-1FE2-DE9A-E0603346D8AA}.Release|x86.ActiveCfg = Release|Any CPU
		{302AC0FB-E7F8-1FE2-DE9A-E0603346D8AA}.Release|x86.Build.0 = Release|Any CPU
		{65B41D43-DBB8-5FF0-4750-A954EE908397}.Debug|Any CPU.ActiveCfg = Debug|Any CPU
		{65B41D43-DBB8-5FF0-4750-A954EE908397}.Debug|Any CPU.Build.0 = Debug|Any CPU
		{65B41D43-DBB8-5FF0-4750-A954EE908397}.Debug|x64.ActiveCfg = Debug|Any CPU
		{65B41D43-DBB8-5FF0-4750-A954EE908397}.Debug|x64.Build.0 = Debug|Any CPU
		{65B41D43-DBB8-5FF0-4750-A954EE908397}.Debug|x86.ActiveCfg = Debug|Any CPU
		{65B41D43-DBB8-5FF0-4750-A954EE908397}.Debug|x86.Build.0 = Debug|Any CPU
		{65B41D43-DBB8-5FF0-4750-A954EE908397}.Release|Any CPU.ActiveCfg = Release|Any CPU
		{65B41D43-DBB8-5FF0-4750-A954EE908397}.Release|Any CPU.Build.0 = Release|Any CPU
		{65B41D43-DBB8-5FF0-4750-A954EE908397}.Release|x64.ActiveCfg = Release|Any CPU
		{65B41D43-DBB8-5FF0-4750-A954EE908397}.Release|x64.Build.0 = Release|Any CPU
		{65B41D43-DBB8-5FF0-4750-A954EE908397}.Release|x86.ActiveCfg = Release|Any CPU
		{65B41D43-DBB8-5FF0-4750-A954EE908397}.Release|x86.Build.0 = Release|Any CPU
		{85A725BB-EDD2-208E-2281-AA1A96770074}.Debug|Any CPU.ActiveCfg = Debug|Any CPU
		{85A725BB-EDD2-208E-2281-AA1A96770074}.Debug|Any CPU.Build.0 = Debug|Any CPU
		{85A725BB-EDD2-208E-2281-AA1A96770074}.Debug|x64.ActiveCfg = Debug|Any CPU
		{85A725BB-EDD2-208E-2281-AA1A96770074}.Debug|x64.Build.0 = Debug|Any CPU
		{85A725BB-EDD2-208E-2281-AA1A96770074}.Debug|x86.ActiveCfg = Debug|Any CPU
		{85A725BB-EDD2-208E-2281-AA1A96770074}.Debug|x86.Build.0 = Debug|Any CPU
		{85A725BB-EDD2-208E-2281-AA1A96770074}.Release|Any CPU.ActiveCfg = Release|Any CPU
		{85A725BB-EDD2-208E-2281-AA1A96770074}.Release|Any CPU.Build.0 = Release|Any CPU
		{85A725BB-EDD2-208E-2281-AA1A96770074}.Release|x64.ActiveCfg = Release|Any CPU
		{85A725BB-EDD2-208E-2281-AA1A96770074}.Release|x64.Build.0 = Release|Any CPU
		{85A725BB-EDD2-208E-2281-AA1A96770074}.Release|x86.ActiveCfg = Release|Any CPU
		{85A725BB-EDD2-208E-2281-AA1A96770074}.Release|x86.Build.0 = Release|Any CPU
		{90E7854A-8DF4-AD7B-F6E4-8C59C072E52E}.Debug|Any CPU.ActiveCfg = Debug|Any CPU
		{90E7854A-8DF4-AD7B-F6E4-8C59C072E52E}.Debug|Any CPU.Build.0 = Debug|Any CPU
		{90E7854A-8DF4-AD7B-F6E4-8C59C072E52E}.Debug|x64.ActiveCfg = Debug|Any CPU
		{90E7854A-8DF4-AD7B-F6E4-8C59C072E52E}.Debug|x64.Build.0 = Debug|Any CPU
		{90E7854A-8DF4-AD7B-F6E4-8C59C072E52E}.Debug|x86.ActiveCfg = Debug|Any CPU
		{90E7854A-8DF4-AD7B-F6E4-8C59C072E52E}.Debug|x86.Build.0 = Debug|Any CPU
		{90E7854A-8DF4-AD7B-F6E4-8C59C072E52E}.Release|Any CPU.ActiveCfg = Release|Any CPU
		{90E7854A-8DF4-AD7B-F6E4-8C59C072E52E}.Release|Any CPU.Build.0 = Release|Any CPU
		{90E7854A-8DF4-AD7B-F6E4-8C59C072E52E}.Release|x64.ActiveCfg = Release|Any CPU
		{90E7854A-8DF4-AD7B-F6E4-8C59C072E52E}.Release|x64.Build.0 = Release|Any CPU
		{90E7854A-8DF4-AD7B-F6E4-8C59C072E52E}.Release|x86.ActiveCfg = Release|Any CPU
		{90E7854A-8DF4-AD7B-F6E4-8C59C072E52E}.Release|x86.Build.0 = Release|Any CPU
		{77C143D8-531D-0865-39D2-41570C266570}.Debug|Any CPU.ActiveCfg = Debug|Any CPU
		{77C143D8-531D-0865-39D2-41570C266570}.Debug|Any CPU.Build.0 = Debug|Any CPU
		{77C143D8-531D-0865-39D2-41570C266570}.Debug|x64.ActiveCfg = Debug|Any CPU
		{77C143D8-531D-0865-39D2-41570C266570}.Debug|x64.Build.0 = Debug|Any CPU
		{77C143D8-531D-0865-39D2-41570C266570}.Debug|x86.ActiveCfg = Debug|Any CPU
		{77C143D8-531D-0865-39D2-41570C266570}.Debug|x86.Build.0 = Debug|Any CPU
		{77C143D8-531D-0865-39D2-41570C266570}.Release|Any CPU.ActiveCfg = Release|Any CPU
		{77C143D8-531D-0865-39D2-41570C266570}.Release|Any CPU.Build.0 = Release|Any CPU
		{77C143D8-531D-0865-39D2-41570C266570}.Release|x64.ActiveCfg = Release|Any CPU
		{77C143D8-531D-0865-39D2-41570C266570}.Release|x64.Build.0 = Release|Any CPU
		{77C143D8-531D-0865-39D2-41570C266570}.Release|x86.ActiveCfg = Release|Any CPU
		{77C143D8-531D-0865-39D2-41570C266570}.Release|x86.Build.0 = Release|Any CPU
		{026D9791-0F66-8BD7-6B7D-FAF2B06594A4}.Debug|Any CPU.ActiveCfg = Debug|Any CPU
		{026D9791-0F66-8BD7-6B7D-FAF2B06594A4}.Debug|Any CPU.Build.0 = Debug|Any CPU
		{026D9791-0F66-8BD7-6B7D-FAF2B06594A4}.Debug|x64.ActiveCfg = Debug|Any CPU
		{026D9791-0F66-8BD7-6B7D-FAF2B06594A4}.Debug|x64.Build.0 = Debug|Any CPU
		{026D9791-0F66-8BD7-6B7D-FAF2B06594A4}.Debug|x86.ActiveCfg = Debug|Any CPU
		{026D9791-0F66-8BD7-6B7D-FAF2B06594A4}.Debug|x86.Build.0 = Debug|Any CPU
		{026D9791-0F66-8BD7-6B7D-FAF2B06594A4}.Release|Any CPU.ActiveCfg = Release|Any CPU
		{026D9791-0F66-8BD7-6B7D-FAF2B06594A4}.Release|Any CPU.Build.0 = Release|Any CPU
		{026D9791-0F66-8BD7-6B7D-FAF2B06594A4}.Release|x64.ActiveCfg = Release|Any CPU
		{026D9791-0F66-8BD7-6B7D-FAF2B06594A4}.Release|x64.Build.0 = Release|Any CPU
		{026D9791-0F66-8BD7-6B7D-FAF2B06594A4}.Release|x86.ActiveCfg = Release|Any CPU
		{026D9791-0F66-8BD7-6B7D-FAF2B06594A4}.Release|x86.Build.0 = Release|Any CPU
		{3E061CAB-B977-2226-219B-2E7F60A05508}.Debug|Any CPU.ActiveCfg = Debug|Any CPU
		{3E061CAB-B977-2226-219B-2E7F60A05508}.Debug|Any CPU.Build.0 = Debug|Any CPU
		{3E061CAB-B977-2226-219B-2E7F60A05508}.Debug|x64.ActiveCfg = Debug|Any CPU
		{3E061CAB-B977-2226-219B-2E7F60A05508}.Debug|x64.Build.0 = Debug|Any CPU
		{3E061CAB-B977-2226-219B-2E7F60A05508}.Debug|x86.ActiveCfg = Debug|Any CPU
		{3E061CAB-B977-2226-219B-2E7F60A05508}.Debug|x86.Build.0 = Debug|Any CPU
		{3E061CAB-B977-2226-219B-2E7F60A05508}.Release|Any CPU.ActiveCfg = Release|Any CPU
		{3E061CAB-B977-2226-219B-2E7F60A05508}.Release|Any CPU.Build.0 = Release|Any CPU
		{3E061CAB-B977-2226-219B-2E7F60A05508}.Release|x64.ActiveCfg = Release|Any CPU
		{3E061CAB-B977-2226-219B-2E7F60A05508}.Release|x64.Build.0 = Release|Any CPU
		{3E061CAB-B977-2226-219B-2E7F60A05508}.Release|x86.ActiveCfg = Release|Any CPU
		{3E061CAB-B977-2226-219B-2E7F60A05508}.Release|x86.Build.0 = Release|Any CPU
		{31F70DF4-29E6-6FDD-D950-E4E6BB381BDC}.Debug|Any CPU.ActiveCfg = Debug|Any CPU
		{31F70DF4-29E6-6FDD-D950-E4E6BB381BDC}.Debug|Any CPU.Build.0 = Debug|Any CPU
		{31F70DF4-29E6-6FDD-D950-E4E6BB381BDC}.Debug|Any CPU.Deploy.0 = Debug|Any CPU
		{31F70DF4-29E6-6FDD-D950-E4E6BB381BDC}.Debug|x64.ActiveCfg = Debug|Any CPU
		{31F70DF4-29E6-6FDD-D950-E4E6BB381BDC}.Debug|x64.Build.0 = Debug|Any CPU
		{31F70DF4-29E6-6FDD-D950-E4E6BB381BDC}.Debug|x64.Deploy.0 = Debug|Any CPU
		{31F70DF4-29E6-6FDD-D950-E4E6BB381BDC}.Debug|x86.ActiveCfg = Debug|Any CPU
		{31F70DF4-29E6-6FDD-D950-E4E6BB381BDC}.Debug|x86.Build.0 = Debug|Any CPU
		{31F70DF4-29E6-6FDD-D950-E4E6BB381BDC}.Debug|x86.Deploy.0 = Debug|Any CPU
		{31F70DF4-29E6-6FDD-D950-E4E6BB381BDC}.Release|Any CPU.ActiveCfg = Release|Any CPU
		{31F70DF4-29E6-6FDD-D950-E4E6BB381BDC}.Release|Any CPU.Build.0 = Release|Any CPU
		{31F70DF4-29E6-6FDD-D950-E4E6BB381BDC}.Release|Any CPU.Deploy.0 = Release|Any CPU
		{31F70DF4-29E6-6FDD-D950-E4E6BB381BDC}.Release|x64.ActiveCfg = Release|Any CPU
		{31F70DF4-29E6-6FDD-D950-E4E6BB381BDC}.Release|x64.Build.0 = Release|Any CPU
		{31F70DF4-29E6-6FDD-D950-E4E6BB381BDC}.Release|x64.Deploy.0 = Release|Any CPU
		{31F70DF4-29E6-6FDD-D950-E4E6BB381BDC}.Release|x86.ActiveCfg = Release|Any CPU
		{31F70DF4-29E6-6FDD-D950-E4E6BB381BDC}.Release|x86.Build.0 = Release|Any CPU
		{31F70DF4-29E6-6FDD-D950-E4E6BB381BDC}.Release|x86.Deploy.0 = Release|Any CPU
		{592BB2BA-0851-229C-2797-38EFBBAC23C0}.Debug|Any CPU.ActiveCfg = Debug|Any CPU
		{592BB2BA-0851-229C-2797-38EFBBAC23C0}.Debug|Any CPU.Build.0 = Debug|Any CPU
		{592BB2BA-0851-229C-2797-38EFBBAC23C0}.Debug|x64.ActiveCfg = Debug|Any CPU
		{592BB2BA-0851-229C-2797-38EFBBAC23C0}.Debug|x64.Build.0 = Debug|Any CPU
		{592BB2BA-0851-229C-2797-38EFBBAC23C0}.Debug|x86.ActiveCfg = Debug|Any CPU
		{592BB2BA-0851-229C-2797-38EFBBAC23C0}.Debug|x86.Build.0 = Debug|Any CPU
		{592BB2BA-0851-229C-2797-38EFBBAC23C0}.Release|Any CPU.ActiveCfg = Release|Any CPU
		{592BB2BA-0851-229C-2797-38EFBBAC23C0}.Release|Any CPU.Build.0 = Release|Any CPU
		{592BB2BA-0851-229C-2797-38EFBBAC23C0}.Release|x64.ActiveCfg = Release|Any CPU
		{592BB2BA-0851-229C-2797-38EFBBAC23C0}.Release|x64.Build.0 = Release|Any CPU
		{592BB2BA-0851-229C-2797-38EFBBAC23C0}.Release|x86.ActiveCfg = Release|Any CPU
		{592BB2BA-0851-229C-2797-38EFBBAC23C0}.Release|x86.Build.0 = Release|Any CPU
		{D599F4E9-94B6-A487-B56C-6B76EB5047AE}.Debug|Any CPU.ActiveCfg = Debug|Any CPU
		{D599F4E9-94B6-A487-B56C-6B76EB5047AE}.Debug|Any CPU.Build.0 = Debug|Any CPU
		{D599F4E9-94B6-A487-B56C-6B76EB5047AE}.Debug|x64.ActiveCfg = Debug|Any CPU
		{D599F4E9-94B6-A487-B56C-6B76EB5047AE}.Debug|x64.Build.0 = Debug|Any CPU
		{D599F4E9-94B6-A487-B56C-6B76EB5047AE}.Debug|x86.ActiveCfg = Debug|Any CPU
		{D599F4E9-94B6-A487-B56C-6B76EB5047AE}.Debug|x86.Build.0 = Debug|Any CPU
		{D599F4E9-94B6-A487-B56C-6B76EB5047AE}.Release|Any CPU.ActiveCfg = Release|Any CPU
		{D599F4E9-94B6-A487-B56C-6B76EB5047AE}.Release|Any CPU.Build.0 = Release|Any CPU
		{D599F4E9-94B6-A487-B56C-6B76EB5047AE}.Release|x64.ActiveCfg = Release|Any CPU
		{D599F4E9-94B6-A487-B56C-6B76EB5047AE}.Release|x64.Build.0 = Release|Any CPU
		{D599F4E9-94B6-A487-B56C-6B76EB5047AE}.Release|x86.ActiveCfg = Release|Any CPU
		{D599F4E9-94B6-A487-B56C-6B76EB5047AE}.Release|x86.Build.0 = Release|Any CPU
		{A105F45A-2BC6-D654-37BA-C5E61F5BD997}.Debug|Any CPU.ActiveCfg = Debug|Any CPU
		{A105F45A-2BC6-D654-37BA-C5E61F5BD997}.Debug|Any CPU.Build.0 = Debug|Any CPU
		{A105F45A-2BC6-D654-37BA-C5E61F5BD997}.Debug|x64.ActiveCfg = Debug|Any CPU
		{A105F45A-2BC6-D654-37BA-C5E61F5BD997}.Debug|x64.Build.0 = Debug|Any CPU
		{A105F45A-2BC6-D654-37BA-C5E61F5BD997}.Debug|x86.ActiveCfg = Debug|Any CPU
		{A105F45A-2BC6-D654-37BA-C5E61F5BD997}.Debug|x86.Build.0 = Debug|Any CPU
		{A105F45A-2BC6-D654-37BA-C5E61F5BD997}.Release|Any CPU.ActiveCfg = Release|Any CPU
		{A105F45A-2BC6-D654-37BA-C5E61F5BD997}.Release|Any CPU.Build.0 = Release|Any CPU
		{A105F45A-2BC6-D654-37BA-C5E61F5BD997}.Release|x64.ActiveCfg = Release|Any CPU
		{A105F45A-2BC6-D654-37BA-C5E61F5BD997}.Release|x64.Build.0 = Release|Any CPU
		{A105F45A-2BC6-D654-37BA-C5E61F5BD997}.Release|x86.ActiveCfg = Release|Any CPU
		{A105F45A-2BC6-D654-37BA-C5E61F5BD997}.Release|x86.Build.0 = Release|Any CPU
		{4F6F75F7-B289-2EFC-114E-6D45BBAA32B9}.Debug|Any CPU.ActiveCfg = Debug|Any CPU
		{4F6F75F7-B289-2EFC-114E-6D45BBAA32B9}.Debug|Any CPU.Build.0 = Debug|Any CPU
		{4F6F75F7-B289-2EFC-114E-6D45BBAA32B9}.Debug|x64.ActiveCfg = Debug|Any CPU
		{4F6F75F7-B289-2EFC-114E-6D45BBAA32B9}.Debug|x64.Build.0 = Debug|Any CPU
		{4F6F75F7-B289-2EFC-114E-6D45BBAA32B9}.Debug|x86.ActiveCfg = Debug|Any CPU
		{4F6F75F7-B289-2EFC-114E-6D45BBAA32B9}.Debug|x86.Build.0 = Debug|Any CPU
		{4F6F75F7-B289-2EFC-114E-6D45BBAA32B9}.Release|Any CPU.ActiveCfg = Release|Any CPU
		{4F6F75F7-B289-2EFC-114E-6D45BBAA32B9}.Release|Any CPU.Build.0 = Release|Any CPU
		{4F6F75F7-B289-2EFC-114E-6D45BBAA32B9}.Release|x64.ActiveCfg = Release|Any CPU
		{4F6F75F7-B289-2EFC-114E-6D45BBAA32B9}.Release|x64.Build.0 = Release|Any CPU
		{4F6F75F7-B289-2EFC-114E-6D45BBAA32B9}.Release|x86.ActiveCfg = Release|Any CPU
		{4F6F75F7-B289-2EFC-114E-6D45BBAA32B9}.Release|x86.Build.0 = Release|Any CPU
		{352838D4-E542-3408-D9CE-B8FCA4EE57BA}.Debug|Any CPU.ActiveCfg = Debug|Any CPU
		{352838D4-E542-3408-D9CE-B8FCA4EE57BA}.Debug|Any CPU.Build.0 = Debug|Any CPU
		{352838D4-E542-3408-D9CE-B8FCA4EE57BA}.Debug|x64.ActiveCfg = Debug|Any CPU
		{352838D4-E542-3408-D9CE-B8FCA4EE57BA}.Debug|x64.Build.0 = Debug|Any CPU
		{352838D4-E542-3408-D9CE-B8FCA4EE57BA}.Debug|x86.ActiveCfg = Debug|Any CPU
		{352838D4-E542-3408-D9CE-B8FCA4EE57BA}.Debug|x86.Build.0 = Debug|Any CPU
		{352838D4-E542-3408-D9CE-B8FCA4EE57BA}.Release|Any CPU.ActiveCfg = Release|Any CPU
		{352838D4-E542-3408-D9CE-B8FCA4EE57BA}.Release|Any CPU.Build.0 = Release|Any CPU
		{352838D4-E542-3408-D9CE-B8FCA4EE57BA}.Release|x64.ActiveCfg = Release|Any CPU
		{352838D4-E542-3408-D9CE-B8FCA4EE57BA}.Release|x64.Build.0 = Release|Any CPU
		{352838D4-E542-3408-D9CE-B8FCA4EE57BA}.Release|x86.ActiveCfg = Release|Any CPU
		{352838D4-E542-3408-D9CE-B8FCA4EE57BA}.Release|x86.Build.0 = Release|Any CPU
		{6E0620FA-74AD-4A39-B51B-7EDBCEF5427E}.Debug|Any CPU.ActiveCfg = Debug|Any CPU
		{6E0620FA-74AD-4A39-B51B-7EDBCEF5427E}.Debug|x64.ActiveCfg = Debug|Any CPU
		{6E0620FA-74AD-4A39-B51B-7EDBCEF5427E}.Debug|x86.ActiveCfg = Debug|Any CPU
		{6E0620FA-74AD-4A39-B51B-7EDBCEF5427E}.Release|Any CPU.ActiveCfg = Release|Any CPU
		{6E0620FA-74AD-4A39-B51B-7EDBCEF5427E}.Release|x64.ActiveCfg = Release|Any CPU
		{6E0620FA-74AD-4A39-B51B-7EDBCEF5427E}.Release|x86.ActiveCfg = Release|Any CPU
	EndGlobalSection
	GlobalSection(SolutionProperties) = preSolution
		HideSolutionNode = FALSE
	EndGlobalSection
	GlobalSection(NestedProjects) = preSolution
		{6E0620FA-74AD-4A39-B51B-7EDBCEF5427E} = {07C2787E-EAC7-C090-1BA3-A61EC2A24D84}
		{5B339CA0-82B5-760D-11FA-D2405B0F309C} = {2F3EF1A3-B2B0-B28C-122D-FFB85167A4CE}
		{0C8611BF-59EB-6C8B-0775-32F216AEBD88} = {5B339CA0-82B5-760D-11FA-D2405B0F309C}
		{2E7D0AF2-3E2D-5684-9E11-714F1F19D818} = {5B339CA0-82B5-760D-11FA-D2405B0F309C}
		{302AC0FB-E7F8-1FE2-DE9A-E0603346D8AA} = {5B339CA0-82B5-760D-11FA-D2405B0F309C}
		{222E81F7-E36A-DBDC-9181-94168766AFA6} = {2F3EF1A3-B2B0-B28C-122D-FFB85167A4CE}
		{65B41D43-DBB8-5FF0-4750-A954EE908397} = {222E81F7-E36A-DBDC-9181-94168766AFA6}
		{85A725BB-EDD2-208E-2281-AA1A96770074} = {222E81F7-E36A-DBDC-9181-94168766AFA6}
		{90E7854A-8DF4-AD7B-F6E4-8C59C072E52E} = {222E81F7-E36A-DBDC-9181-94168766AFA6}
		{77C143D8-531D-0865-39D2-41570C266570} = {222E81F7-E36A-DBDC-9181-94168766AFA6}
		{E9A6AA76-D1E4-5169-3E31-CD6096438979} = {2F3EF1A3-B2B0-B28C-122D-FFB85167A4CE}
		{026D9791-0F66-8BD7-6B7D-FAF2B06594A4} = {E9A6AA76-D1E4-5169-3E31-CD6096438979}
		{3E061CAB-B977-2226-219B-2E7F60A05508} = {E9A6AA76-D1E4-5169-3E31-CD6096438979}
		{96276D7C-8090-C3EF-75E9-524E49E50BD5} = {2F3EF1A3-B2B0-B28C-122D-FFB85167A4CE}
		{31F70DF4-29E6-6FDD-D950-E4E6BB381BDC} = {96276D7C-8090-C3EF-75E9-524E49E50BD5}
		{D80C18D3-606A-CD05-DE68-C0BA1B98B27D} = {2F3EF1A3-B2B0-B28C-122D-FFB85167A4CE}
		{592BB2BA-0851-229C-2797-38EFBBAC23C0} = {D80C18D3-606A-CD05-DE68-C0BA1B98B27D}
		{29CCAA67-8251-E769-E695-858322CAA670} = {2F3EF1A3-B2B0-B28C-122D-FFB85167A4CE}
		{D599F4E9-94B6-A487-B56C-6B76EB5047AE} = {29CCAA67-8251-E769-E695-858322CAA670}
		{EE18CF2C-56B4-90F6-03B5-E6170AD0E9AF} = {2F3EF1A3-B2B0-B28C-122D-FFB85167A4CE}
		{A105F45A-2BC6-D654-37BA-C5E61F5BD997} = {EE18CF2C-56B4-90F6-03B5-E6170AD0E9AF}
		{4F6F75F7-B289-2EFC-114E-6D45BBAA32B9} = {EE18CF2C-56B4-90F6-03B5-E6170AD0E9AF}
		{352838D4-E542-3408-D9CE-B8FCA4EE57BA} = {07C2787E-EAC7-C090-1BA3-A61EC2A24D84}
	EndGlobalSection
EndGlobal
