
Microsoft Visual Studio Solution File, Format Version 12.00
# Visual Studio Version 17
VisualStudioVersion = 17.0.31903.59
MinimumVisualStudioVersion = 10.0.40219.1
Project("{2150E333-8FDC-42A3-9474-1A3956D46DE8}") = "Hosts", "Hosts", "{2F3EF1A3-B2B0-B28C-122D-FFB85167A4CE}"
EndProject
Project("{2150E333-8FDC-42A3-9474-1A3956D46DE8}") = "Normal", "Normal", "{5B339CA0-82B5-760D-11FA-D2405B0F309C}"
EndProject
Project("{FAE04EC0-301F-11D3-BF4B-00C04F79EFBC}") = "LowCodeApp.Server", "Hosts\Normal\LowCodeApp.Server\LowCodeApp.Server.csproj", "{EB143F69-5628-4060-8C30-4BE9133EADEA}"
EndProject
Project("{FAE04EC0-301F-11D3-BF4B-00C04F79EFBC}") = "LowCodeApp.Client", "Hosts\Normal\LowCodeApp.Client\LowCodeApp.Client.csproj", "{4E28AA57-53C1-4106-8261-B9030936ADA9}"
EndProject
Project("{FAE04EC0-301F-11D3-BF4B-00C04F79EFBC}") = "LowCodeApp.Client.Shared", "Hosts\Common\LowCodeApp.Client.Shared\LowCodeApp.Client.Shared.csproj", "{3ED24DD6-40FA-4E45-8B79-4E062610B501}"
EndProject
Project("{2150E333-8FDC-42A3-9474-1A3956D46DE8}") = "Common", "Common", "{222E81F7-E36A-DBDC-9181-94168766AFA6}"
EndProject
Project("{FAE04EC0-301F-11D3-BF4B-00C04F79EFBC}") = "LowCodeApp.LicenseRegisterCli", "Hosts\Common\LowCodeApp.LicenseRegisterCli\LowCodeApp.LicenseRegisterCli.csproj", "{3D059863-8A2B-4F2F-8161-59CB5E53E099}"
EndProject
Project("{FAE04EC0-301F-11D3-BF4B-00C04F79EFBC}") = "LowCodeApp.Designer", "Hosts\Common\LowCodeApp.Designer\LowCodeApp.Designer.csproj", "{5933A71E-F302-4D35-8C2D-E297A3E7F74A}"
EndProject
Project("{FAE04EC0-301F-11D3-BF4B-00C04F79EFBC}") = "LowCodeApp.LicenseRegister", "Hosts\Common\LowCodeApp.LicenseRegister\LowCodeApp.LicenseRegister.csproj", "{9A952189-ED9F-4A9D-AF73-86747C2F7E69}"
EndProject
Project("{2150E333-8FDC-42A3-9474-1A3956D46DE8}") = "Cookie", "Cookie", "{E9A6AA76-D1E4-5169-3E31-CD6096438979}"
EndProject
Project("{FAE04EC0-301F-11D3-BF4B-00C04F79EFBC}") = "LowCodeApp.Server", "Hosts\Cookie\LowCodeApp.Server\LowCodeApp.Server.csproj", "{B6967D0E-874D-4539-B66B-0BE9008000ED}"
EndProject
Project("{FAE04EC0-301F-11D3-BF4B-00C04F79EFBC}") = "LowCodeApp.Client", "Hosts\Cookie\LowCodeApp.Client\LowCodeApp.Client.csproj", "{EEA7D265-07D6-4A14-ABE7-5E0AA7D038AA}"
EndProject
Project("{2150E333-8FDC-42A3-9474-1A3956D46DE8}") = "Maui", "Maui", "{96276D7C-8090-C3EF-75E9-524E49E50BD5}"
EndProject
Project("{FAE04EC0-301F-11D3-BF4B-00C04F79EFBC}") = "LowCodeApp.Maui", "Hosts\Maui\LowCodeApp.Maui\LowCodeApp.Maui.csproj", "{E739F213-307F-48B6-A4B7-D6DBD57FFE80}"
EndProject
Project("{2150E333-8FDC-42A3-9474-1A3956D46DE8}") = "Wpf", "Wpf", "{D80C18D3-606A-CD05-DE68-C0BA1B98B27D}"
EndProject
Project("{FAE04EC0-301F-11D3-BF4B-00C04F79EFBC}") = "LowCodeApp.Wpf", "Hosts\Wpf\LowCodeApp.Wpf\LowCodeApp.Wpf.csproj", "{666EA713-74FB-4F65-9D84-28E53E2CDDEC}"
EndProject
Project("{2150E333-8FDC-42A3-9474-1A3956D46DE8}") = "WinForms", "WinForms", "{29CCAA67-8251-E769-E695-858322CAA670}"
EndProject
Project("{FAE04EC0-301F-11D3-BF4B-00C04F79EFBC}") = "LowCodeApp.WinForms", "Hosts\WinForms\LowCodeApp.WinForms\LowCodeApp.WinForms.csproj", "{536E8E89-10CA-4DD8-BE7D-BEDA0EB3CCF5}"
EndProject
Project("{2150E333-8FDC-42A3-9474-1A3956D46DE8}") = "MultiTenant", "MultiTenant", "{EE18CF2C-56B4-90F6-03B5-E6170AD0E9AF}"
EndProject
Project("{FAE04EC0-301F-11D3-BF4B-00C04F79EFBC}") = "LowCodeApp.Server", "Hosts\MultiTenant\LowCodeApp.Server\LowCodeApp.Server.csproj", "{7EB04B76-4D3C-408A-9C0F-98BB33C4A778}"
EndProject
Project("{FAE04EC0-301F-11D3-BF4B-00C04F79EFBC}") = "LowCodeApp.Client", "Hosts\MultiTenant\LowCodeApp.Client\LowCodeApp.Client.csproj", "{F04D2B2E-876B-485F-A81C-A9E6A11C8AEA}"
EndProject
Project("{2150E333-8FDC-42A3-9474-1A3956D46DE8}") = "Tools", "Tools", "{07C2787E-EAC7-C090-1BA3-A61EC2A24D84}"
EndProject
Project("{FAE04EC0-301F-11D3-BF4B-00C04F79EFBC}") = "StarterTool", "Tools\StarterTool\StarterTool.csproj", "{F76CC77C-4CCF-4128-A570-00692C8A95B9}"
EndProject
Global
	GlobalSection(SolutionConfigurationPlatforms) = preSolution
		Debug|Any CPU = Debug|Any CPU
		Debug|x64 = Debug|x64
		Debug|x86 = Debug|x86
		Release|Any CPU = Release|Any CPU
		Release|x64 = Release|x64
		Release|x86 = Release|x86
	EndGlobalSection
	GlobalSection(ProjectConfigurationPlatforms) = postSolution
		{EB143F69-5628-4060-8C30-4BE9133EADEA}.Debug|Any CPU.ActiveCfg = Debug|Any CPU
		{EB143F69-5628-4060-8C30-4BE9133EADEA}.Debug|Any CPU.Build.0 = Debug|Any CPU
		{EB143F69-5628-4060-8C30-4BE9133EADEA}.Debug|x64.ActiveCfg = Debug|Any CPU
		{EB143F69-5628-4060-8C30-4BE9133EADEA}.Debug|x64.Build.0 = Debug|Any CPU
		{EB143F69-5628-4060-8C30-4BE9133EADEA}.Debug|x86.ActiveCfg = Debug|Any CPU
		{EB143F69-5628-4060-8C30-4BE9133EADEA}.Debug|x86.Build.0 = Debug|Any CPU
		{EB143F69-5628-4060-8C30-4BE9133EADEA}.Release|Any CPU.ActiveCfg = Release|Any CPU
		{EB143F69-5628-4060-8C30-4BE9133EADEA}.Release|Any CPU.Build.0 = Release|Any CPU
		{EB143F69-5628-4060-8C30-4BE9133EADEA}.Release|x64.ActiveCfg = Release|Any CPU
		{EB143F69-5628-4060-8C30-4BE9133EADEA}.Release|x64.Build.0 = Release|Any CPU
		{EB143F69-5628-4060-8C30-4BE9133EADEA}.Release|x86.ActiveCfg = Release|Any CPU
		{EB143F69-5628-4060-8C30-4BE9133EADEA}.Release|x86.Build.0 = Release|Any CPU
		{4E28AA57-53C1-4106-8261-B9030936ADA9}.Debug|Any CPU.ActiveCfg = Debug|Any CPU
		{4E28AA57-53C1-4106-8261-B9030936ADA9}.Debug|Any CPU.Build.0 = Debug|Any CPU
		{4E28AA57-53C1-4106-8261-B9030936ADA9}.Debug|x64.ActiveCfg = Debug|Any CPU
		{4E28AA57-53C1-4106-8261-B9030936ADA9}.Debug|x64.Build.0 = Debug|Any CPU
		{4E28AA57-53C1-4106-8261-B9030936ADA9}.Debug|x86.ActiveCfg = Debug|Any CPU
		{4E28AA57-53C1-4106-8261-B9030936ADA9}.Debug|x86.Build.0 = Debug|Any CPU
		{4E28AA57-53C1-4106-8261-B9030936ADA9}.Release|Any CPU.ActiveCfg = Release|Any CPU
		{4E28AA57-53C1-4106-8261-B9030936ADA9}.Release|Any CPU.Build.0 = Release|Any CPU
		{4E28AA57-53C1-4106-8261-B9030936ADA9}.Release|x64.ActiveCfg = Release|Any CPU
		{4E28AA57-53C1-4106-8261-B9030936ADA9}.Release|x64.Build.0 = Release|Any CPU
		{4E28AA57-53C1-4106-8261-B9030936ADA9}.Release|x86.ActiveCfg = Release|Any CPU
		{4E28AA57-53C1-4106-8261-B9030936ADA9}.Release|x86.Build.0 = Release|Any CPU
		{3ED24DD6-40FA-4E45-8B79-4E062610B501}.Debug|Any CPU.ActiveCfg = Debug|Any CPU
		{3ED24DD6-40FA-4E45-8B79-4E062610B501}.Debug|Any CPU.Build.0 = Debug|Any CPU
		{3ED24DD6-40FA-4E45-8B79-4E062610B501}.Debug|x64.ActiveCfg = Debug|Any CPU
		{3ED24DD6-40FA-4E45-8B79-4E062610B501}.Debug|x64.Build.0 = Debug|Any CPU
		{3ED24DD6-40FA-4E45-8B79-4E062610B501}.Debug|x86.ActiveCfg = Debug|Any CPU
		{3ED24DD6-40FA-4E45-8B79-4E062610B501}.Debug|x86.Build.0 = Debug|Any CPU
		{3ED24DD6-40FA-4E45-8B79-4E062610B501}.Release|Any CPU.ActiveCfg = Release|Any CPU
		{3ED24DD6-40FA-4E45-8B79-4E062610B501}.Release|Any CPU.Build.0 = Release|Any CPU
		{3ED24DD6-40FA-4E45-8B79-4E062610B501}.Release|x64.ActiveCfg = Release|Any CPU
		{3ED24DD6-40FA-4E45-8B79-4E062610B501}.Release|x64.Build.0 = Release|Any CPU
		{3ED24DD6-40FA-4E45-8B79-4E062610B501}.Release|x86.ActiveCfg = Release|Any CPU
		{3ED24DD6-40FA-4E45-8B79-4E062610B501}.Release|x86.Build.0 = Release|Any CPU
		{3D059863-8A2B-4F2F-8161-59CB5E53E099}.Debug|Any CPU.ActiveCfg = Debug|Any CPU
		{3D059863-8A2B-4F2F-8161-59CB5E53E099}.Debug|Any CPU.Build.0 = Debug|Any CPU
		{3D059863-8A2B-4F2F-8161-59CB5E53E099}.Debug|x64.ActiveCfg = Debug|Any CPU
		{3D059863-8A2B-4F2F-8161-59CB5E53E099}.Debug|x64.Build.0 = Debug|Any CPU
		{3D059863-8A2B-4F2F-8161-59CB5E53E099}.Debug|x86.ActiveCfg = Debug|Any CPU
		{3D059863-8A2B-4F2F-8161-59CB5E53E099}.Debug|x86.Build.0 = Debug|Any CPU
		{3D059863-8A2B-4F2F-8161-59CB5E53E099}.Release|Any CPU.ActiveCfg = Release|Any CPU
		{3D059863-8A2B-4F2F-8161-59CB5E53E099}.Release|Any CPU.Build.0 = Release|Any CPU
		{3D059863-8A2B-4F2F-8161-59CB5E53E099}.Release|x64.ActiveCfg = Release|Any CPU
		{3D059863-8A2B-4F2F-8161-59CB5E53E099}.Release|x64.Build.0 = Release|Any CPU
		{3D059863-8A2B-4F2F-8161-59CB5E53E099}.Release|x86.ActiveCfg = Release|Any CPU
		{3D059863-8A2B-4F2F-8161-59CB5E53E099}.Release|x86.Build.0 = Release|Any CPU
		{5933A71E-F302-4D35-8C2D-E297A3E7F74A}.Debug|Any CPU.ActiveCfg = Debug|Any CPU
		{5933A71E-F302-4D35-8C2D-E297A3E7F74A}.Debug|Any CPU.Build.0 = Debug|Any CPU
		{5933A71E-F302-4D35-8C2D-E297A3E7F74A}.Debug|x64.ActiveCfg = Debug|Any CPU
		{5933A71E-F302-4D35-8C2D-E297A3E7F74A}.Debug|x64.Build.0 = Debug|Any CPU
		{5933A71E-F302-4D35-8C2D-E297A3E7F74A}.Debug|x86.ActiveCfg = Debug|Any CPU
		{5933A71E-F302-4D35-8C2D-E297A3E7F74A}.Debug|x86.Build.0 = Debug|Any CPU
		{5933A71E-F302-4D35-8C2D-E297A3E7F74A}.Release|Any CPU.ActiveCfg = Release|Any CPU
		{5933A71E-F302-4D35-8C2D-E297A3E7F74A}.Release|Any CPU.Build.0 = Release|Any CPU
		{5933A71E-F302-4D35-8C2D-E297A3E7F74A}.Release|x64.ActiveCfg = Release|Any CPU
		{5933A71E-F302-4D35-8C2D-E297A3E7F74A}.Release|x64.Build.0 = Release|Any CPU
		{5933A71E-F302-4D35-8C2D-E297A3E7F74A}.Release|x86.ActiveCfg = Release|Any CPU
		{5933A71E-F302-4D35-8C2D-E297A3E7F74A}.Release|x86.Build.0 = Release|Any CPU
		{9A952189-ED9F-4A9D-AF73-86747C2F7E69}.Debug|Any CPU.ActiveCfg = Debug|Any CPU
		{9A952189-ED9F-4A9D-AF73-86747C2F7E69}.Debug|Any CPU.Build.0 = Debug|Any CPU
		{9A952189-ED9F-4A9D-AF73-86747C2F7E69}.Debug|x64.ActiveCfg = Debug|Any CPU
		{9A952189-ED9F-4A9D-AF73-86747C2F7E69}.Debug|x64.Build.0 = Debug|Any CPU
		{9A952189-ED9F-4A9D-AF73-86747C2F7E69}.Debug|x86.ActiveCfg = Debug|Any CPU
		{9A952189-ED9F-4A9D-AF73-86747C2F7E69}.Debug|x86.Build.0 = Debug|Any CPU
		{9A952189-ED9F-4A9D-AF73-86747C2F7E69}.Release|Any CPU.ActiveCfg = Release|Any CPU
		{9A952189-ED9F-4A9D-AF73-86747C2F7E69}.Release|Any CPU.Build.0 = Release|Any CPU
		{9A952189-ED9F-4A9D-AF73-86747C2F7E69}.Release|x64.ActiveCfg = Release|Any CPU
		{9A952189-ED9F-4A9D-AF73-86747C2F7E69}.Release|x64.Build.0 = Release|Any CPU
		{9A952189-ED9F-4A9D-AF73-86747C2F7E69}.Release|x86.ActiveCfg = Release|Any CPU
		{9A952189-ED9F-4A9D-AF73-86747C2F7E69}.Release|x86.Build.0 = Release|Any CPU
		{B6967D0E-874D-4539-B66B-0BE9008000ED}.Debug|Any CPU.ActiveCfg = Debug|Any CPU
		{B6967D0E-874D-4539-B66B-0BE9008000ED}.Debug|Any CPU.Build.0 = Debug|Any CPU
		{B6967D0E-874D-4539-B66B-0BE9008000ED}.Debug|x64.ActiveCfg = Debug|Any CPU
		{B6967D0E-874D-4539-B66B-0BE9008000ED}.Debug|x64.Build.0 = Debug|Any CPU
		{B6967D0E-874D-4539-B66B-0BE9008000ED}.Debug|x86.ActiveCfg = Debug|Any CPU
		{B6967D0E-874D-4539-B66B-0BE9008000ED}.Debug|x86.Build.0 = Debug|Any CPU
		{B6967D0E-874D-4539-B66B-0BE9008000ED}.Release|Any CPU.ActiveCfg = Release|Any CPU
		{B6967D0E-874D-4539-B66B-0BE9008000ED}.Release|Any CPU.Build.0 = Release|Any CPU
		{B6967D0E-874D-4539-B66B-0BE9008000ED}.Release|x64.ActiveCfg = Release|Any CPU
		{B6967D0E-874D-4539-B66B-0BE9008000ED}.Release|x64.Build.0 = Release|Any CPU
		{B6967D0E-874D-4539-B66B-0BE9008000ED}.Release|x86.ActiveCfg = Release|Any CPU
		{B6967D0E-874D-4539-B66B-0BE9008000ED}.Release|x86.Build.0 = Release|Any CPU
		{EEA7D265-07D6-4A14-ABE7-5E0AA7D038AA}.Debug|Any CPU.ActiveCfg = Debug|Any CPU
		{EEA7D265-07D6-4A14-ABE7-5E0AA7D038AA}.Debug|Any CPU.Build.0 = Debug|Any CPU
		{EEA7D265-07D6-4A14-ABE7-5E0AA7D038AA}.Debug|x64.ActiveCfg = Debug|Any CPU
		{EEA7D265-07D6-4A14-ABE7-5E0AA7D038AA}.Debug|x64.Build.0 = Debug|Any CPU
		{EEA7D265-07D6-4A14-ABE7-5E0AA7D038AA}.Debug|x86.ActiveCfg = Debug|Any CPU
		{EEA7D265-07D6-4A14-ABE7-5E0AA7D038AA}.Debug|x86.Build.0 = Debug|Any CPU
		{EEA7D265-07D6-4A14-ABE7-5E0AA7D038AA}.Release|Any CPU.ActiveCfg = Release|Any CPU
		{EEA7D265-07D6-4A14-ABE7-5E0AA7D038AA}.Release|Any CPU.Build.0 = Release|Any CPU
		{EEA7D265-07D6-4A14-ABE7-5E0AA7D038AA}.Release|x64.ActiveCfg = Release|Any CPU
		{EEA7D265-07D6-4A14-ABE7-5E0AA7D038AA}.Release|x64.Build.0 = Release|Any CPU
		{EEA7D265-07D6-4A14-ABE7-5E0AA7D038AA}.Release|x86.ActiveCfg = Release|Any CPU
		{EEA7D265-07D6-4A14-ABE7-5E0AA7D038AA}.Release|x86.Build.0 = Release|Any CPU
		{E739F213-307F-48B6-A4B7-D6DBD57FFE80}.Debug|Any CPU.ActiveCfg = Debug|Any CPU
		{E739F213-307F-48B6-A4B7-D6DBD57FFE80}.Debug|Any CPU.Build.0 = Debug|Any CPU
		{E739F213-307F-48B6-A4B7-D6DBD57FFE80}.Debug|Any CPU.Deploy.0 = Debug|Any CPU
		{E739F213-307F-48B6-A4B7-D6DBD57FFE80}.Debug|x64.ActiveCfg = Debug|Any CPU
		{E739F213-307F-48B6-A4B7-D6DBD57FFE80}.Debug|x64.Build.0 = Debug|Any CPU
		{E739F213-307F-48B6-A4B7-D6DBD57FFE80}.Debug|x64.Deploy.0 = Debug|Any CPU
		{E739F213-307F-48B6-A4B7-D6DBD57FFE80}.Debug|x86.ActiveCfg = Debug|Any CPU
		{E739F213-307F-48B6-A4B7-D6DBD57FFE80}.Debug|x86.Build.0 = Debug|Any CPU
		{E739F213-307F-48B6-A4B7-D6DBD57FFE80}.Debug|x86.Deploy.0 = Debug|Any CPU
		{E739F213-307F-48B6-A4B7-D6DBD57FFE80}.Release|Any CPU.ActiveCfg = Release|Any CPU
		{E739F213-307F-48B6-A4B7-D6DBD57FFE80}.Release|Any CPU.Build.0 = Release|Any CPU
		{E739F213-307F-48B6-A4B7-D6DBD57FFE80}.Release|Any CPU.Deploy.0 = Release|Any CPU
		{E739F213-307F-48B6-A4B7-D6DBD57FFE80}.Release|x64.ActiveCfg = Release|Any CPU
		{E739F213-307F-48B6-A4B7-D6DBD57FFE80}.Release|x64.Build.0 = Release|Any CPU
		{E739F213-307F-48B6-A4B7-D6DBD57FFE80}.Release|x64.Deploy.0 = Release|Any CPU
		{E739F213-307F-48B6-A4B7-D6DBD57FFE80}.Release|x86.ActiveCfg = Release|Any CPU
		{E739F213-307F-48B6-A4B7-D6DBD57FFE80}.Release|x86.Build.0 = Release|Any CPU
		{E739F213-307F-48B6-A4B7-D6DBD57FFE80}.Release|x86.Deploy.0 = Release|Any CPU
		{666EA713-74FB-4F65-9D84-28E53E2CDDEC}.Debug|Any CPU.ActiveCfg = Debug|Any CPU
		{666EA713-74FB-4F65-9D84-28E53E2CDDEC}.Debug|Any CPU.Build.0 = Debug|Any CPU
		{666EA713-74FB-4F65-9D84-28E53E2CDDEC}.Debug|x64.ActiveCfg = Debug|Any CPU
		{666EA713-74FB-4F65-9D84-28E53E2CDDEC}.Debug|x64.Build.0 = Debug|Any CPU
		{666EA713-74FB-4F65-9D84-28E53E2CDDEC}.Debug|x86.ActiveCfg = Debug|Any CPU
		{666EA713-74FB-4F65-9D84-28E53E2CDDEC}.Debug|x86.Build.0 = Debug|Any CPU
		{666EA713-74FB-4F65-9D84-28E53E2CDDEC}.Release|Any CPU.ActiveCfg = Release|Any CPU
		{666EA713-74FB-4F65-9D84-28E53E2CDDEC}.Release|Any CPU.Build.0 = Release|Any CPU
		{666EA713-74FB-4F65-9D84-28E53E2CDDEC}.Release|x64.ActiveCfg = Release|Any CPU
		{666EA713-74FB-4F65-9D84-28E53E2CDDEC}.Release|x64.Build.0 = Release|Any CPU
		{666EA713-74FB-4F65-9D84-28E53E2CDDEC}.Release|x86.ActiveCfg = Release|Any CPU
		{666EA713-74FB-4F65-9D84-28E53E2CDDEC}.Release|x86.Build.0 = Release|Any CPU
		{536E8E89-10CA-4DD8-BE7D-BEDA0EB3CCF5}.Debug|Any CPU.ActiveCfg = Debug|Any CPU
		{536E8E89-10CA-4DD8-BE7D-BEDA0EB3CCF5}.Debug|Any CPU.Build.0 = Debug|Any CPU
		{536E8E89-10CA-4DD8-BE7D-BEDA0EB3CCF5}.Debug|x64.ActiveCfg = Debug|Any CPU
		{536E8E89-10CA-4DD8-BE7D-BEDA0EB3CCF5}.Debug|x64.Build.0 = Debug|Any CPU
		{536E8E89-10CA-4DD8-BE7D-BEDA0EB3CCF5}.Debug|x86.ActiveCfg = Debug|Any CPU
		{536E8E89-10CA-4DD8-BE7D-BEDA0EB3CCF5}.Debug|x86.Build.0 = Debug|Any CPU
		{536E8E89-10CA-4DD8-BE7D-BEDA0EB3CCF5}.Release|Any CPU.ActiveCfg = Release|Any CPU
		{536E8E89-10CA-4DD8-BE7D-BEDA0EB3CCF5}.Release|Any CPU.Build.0 = Release|Any CPU
		{536E8E89-10CA-4DD8-BE7D-BEDA0EB3CCF5}.Release|x64.ActiveCfg = Release|Any CPU
		{536E8E89-10CA-4DD8-BE7D-BEDA0EB3CCF5}.Release|x64.Build.0 = Release|Any CPU
		{536E8E89-10CA-4DD8-BE7D-BEDA0EB3CCF5}.Release|x86.ActiveCfg = Release|Any CPU
		{536E8E89-10CA-4DD8-BE7D-BEDA0EB3CCF5}.Release|x86.Build.0 = Release|Any CPU
		{7EB04B76-4D3C-408A-9C0F-98BB33C4A778}.Debug|Any CPU.ActiveCfg = Debug|Any CPU
		{7EB04B76-4D3C-408A-9C0F-98BB33C4A778}.Debug|Any CPU.Build.0 = Debug|Any CPU
		{7EB04B76-4D3C-408A-9C0F-98BB33C4A778}.Debug|x64.ActiveCfg = Debug|Any CPU
		{7EB04B76-4D3C-408A-9C0F-98BB33C4A778}.Debug|x64.Build.0 = Debug|Any CPU
		{7EB04B76-4D3C-408A-9C0F-98BB33C4A778}.Debug|x86.ActiveCfg = Debug|Any CPU
		{7EB04B76-4D3C-408A-9C0F-98BB33C4A778}.Debug|x86.Build.0 = Debug|Any CPU
		{7EB04B76-4D3C-408A-9C0F-98BB33C4A778}.Release|Any CPU.ActiveCfg = Release|Any CPU
		{7EB04B76-4D3C-408A-9C0F-98BB33C4A778}.Release|Any CPU.Build.0 = Release|Any CPU
		{7EB04B76-4D3C-408A-9C0F-98BB33C4A778}.Release|x64.ActiveCfg = Release|Any CPU
		{7EB04B76-4D3C-408A-9C0F-98BB33C4A778}.Release|x64.Build.0 = Release|Any CPU
		{7EB04B76-4D3C-408A-9C0F-98BB33C4A778}.Release|x86.ActiveCfg = Release|Any CPU
		{7EB04B76-4D3C-408A-9C0F-98BB33C4A778}.Release|x86.Build.0 = Release|Any CPU
		{F04D2B2E-876B-485F-A81C-A9E6A11C8AEA}.Debug|Any CPU.ActiveCfg = Debug|Any CPU
		{F04D2B2E-876B-485F-A81C-A9E6A11C8AEA}.Debug|Any CPU.Build.0 = Debug|Any CPU
		{F04D2B2E-876B-485F-A81C-A9E6A11C8AEA}.Debug|x64.ActiveCfg = Debug|Any CPU
		{F04D2B2E-876B-485F-A81C-A9E6A11C8AEA}.Debug|x64.Build.0 = Debug|Any CPU
		{F04D2B2E-876B-485F-A81C-A9E6A11C8AEA}.Debug|x86.ActiveCfg = Debug|Any CPU
		{F04D2B2E-876B-485F-A81C-A9E6A11C8AEA}.Debug|x86.Build.0 = Debug|Any CPU
		{F04D2B2E-876B-485F-A81C-A9E6A11C8AEA}.Release|Any CPU.ActiveCfg = Release|Any CPU
		{F04D2B2E-876B-485F-A81C-A9E6A11C8AEA}.Release|Any CPU.Build.0 = Release|Any CPU
		{F04D2B2E-876B-485F-A81C-A9E6A11C8AEA}.Release|x64.ActiveCfg = Release|Any CPU
		{F04D2B2E-876B-485F-A81C-A9E6A11C8AEA}.Release|x64.Build.0 = Release|Any CPU
		{F04D2B2E-876B-485F-A81C-A9E6A11C8AEA}.Release|x86.ActiveCfg = Release|Any CPU
		{F04D2B2E-876B-485F-A81C-A9E6A11C8AEA}.Release|x86.Build.0 = Release|Any CPU
		{F76CC77C-4CCF-4128-A570-00692C8A95B9}.Debug|Any CPU.ActiveCfg = Debug|Any CPU
		{F76CC77C-4CCF-4128-A570-00692C8A95B9}.Debug|Any CPU.Build.0 = Debug|Any CPU
		{F76CC77C-4CCF-4128-A570-00692C8A95B9}.Debug|x64.ActiveCfg = Debug|Any CPU
		{F76CC77C-4CCF-4128-A570-00692C8A95B9}.Debug|x64.Build.0 = Debug|Any CPU
		{F76CC77C-4CCF-4128-A570-00692C8A95B9}.Debug|x86.ActiveCfg = Debug|Any CPU
		{F76CC77C-4CCF-4128-A570-00692C8A95B9}.Debug|x86.Build.0 = Debug|Any CPU
		{F76CC77C-4CCF-4128-A570-00692C8A95B9}.Release|Any CPU.ActiveCfg = Release|Any CPU
		{F76CC77C-4CCF-4128-A570-00692C8A95B9}.Release|Any CPU.Build.0 = Release|Any CPU
		{F76CC77C-4CCF-4128-A570-00692C8A95B9}.Release|x64.ActiveCfg = Release|Any CPU
		{F76CC77C-4CCF-4128-A570-00692C8A95B9}.Release|x64.Build.0 = Release|Any CPU
		{F76CC77C-4CCF-4128-A570-00692C8A95B9}.Release|x86.ActiveCfg = Release|Any CPU
		{F76CC77C-4CCF-4128-A570-00692C8A95B9}.Release|x86.Build.0 = Release|Any CPU
	EndGlobalSection
	GlobalSection(SolutionProperties) = preSolution
		HideSolutionNode = FALSE
	EndGlobalSection
	GlobalSection(NestedProjects) = preSolution
		{5B339CA0-82B5-760D-11FA-D2405B0F309C} = {2F3EF1A3-B2B0-B28C-122D-FFB85167A4CE}
		{EB143F69-5628-4060-8C30-4BE9133EADEA} = {5B339CA0-82B5-760D-11FA-D2405B0F309C}
		{4E28AA57-53C1-4106-8261-B9030936ADA9} = {5B339CA0-82B5-760D-11FA-D2405B0F309C}
		{3ED24DD6-40FA-4E45-8B79-4E062610B501} = {5B339CA0-82B5-760D-11FA-D2405B0F309C}
		{222E81F7-E36A-DBDC-9181-94168766AFA6} = {2F3EF1A3-B2B0-B28C-122D-FFB85167A4CE}
		{3D059863-8A2B-4F2F-8161-59CB5E53E099} = {222E81F7-E36A-DBDC-9181-94168766AFA6}
		{5933A71E-F302-4D35-8C2D-E297A3E7F74A} = {222E81F7-E36A-DBDC-9181-94168766AFA6}
		{9A952189-ED9F-4A9D-AF73-86747C2F7E69} = {222E81F7-E36A-DBDC-9181-94168766AFA6}
		{E9A6AA76-D1E4-5169-3E31-CD6096438979} = {2F3EF1A3-B2B0-B28C-122D-FFB85167A4CE}
		{B6967D0E-874D-4539-B66B-0BE9008000ED} = {E9A6AA76-D1E4-5169-3E31-CD6096438979}
		{EEA7D265-07D6-4A14-ABE7-5E0AA7D038AA} = {E9A6AA76-D1E4-5169-3E31-CD6096438979}
		{96276D7C-8090-C3EF-75E9-524E49E50BD5} = {2F3EF1A3-B2B0-B28C-122D-FFB85167A4CE}
		{E739F213-307F-48B6-A4B7-D6DBD57FFE80} = {96276D7C-8090-C3EF-75E9-524E49E50BD5}
		{D80C18D3-606A-CD05-DE68-C0BA1B98B27D} = {2F3EF1A3-B2B0-B28C-122D-FFB85167A4CE}
		{666EA713-74FB-4F65-9D84-28E53E2CDDEC} = {D80C18D3-606A-CD05-DE68-C0BA1B98B27D}
		{29CCAA67-8251-E769-E695-858322CAA670} = {2F3EF1A3-B2B0-B28C-122D-FFB85167A4CE}
		{536E8E89-10CA-4DD8-BE7D-BEDA0EB3CCF5} = {29CCAA67-8251-E769-E695-858322CAA670}
		{EE18CF2C-56B4-90F6-03B5-E6170AD0E9AF} = {2F3EF1A3-B2B0-B28C-122D-FFB85167A4CE}
		{7EB04B76-4D3C-408A-9C0F-98BB33C4A778} = {EE18CF2C-56B4-90F6-03B5-E6170AD0E9AF}
		{F04D2B2E-876B-485F-A81C-A9E6A11C8AEA} = {EE18CF2C-56B4-90F6-03B5-E6170AD0E9AF}
		{F76CC77C-4CCF-4128-A570-00692C8A95B9} = {07C2787E-EAC7-C090-1BA3-A61EC2A24D84}
	EndGlobalSection
EndGlobal
